Microsoft Visual Studio Solution File, Format Version 12.00
# Visual Studio Version 17
VisualStudioVersion = 17.5.2.0
MinimumVisualStudioVersion = 10.0.40219.1
Project("{FAE04EC0-301F-11D3-BF4B-00C04F79EFBC}") = "PROG7311_Part2_POE-1", "PROG7311_Part2_POE-1.csproj", "{F64231D9-DECB-4658-A27F-1FF97CF06861}"
EndProject
Global
	GlobalSection(SolutionConfigurationPlatforms) = preSolution
		Debug|Any CPU = Debug|Any CPU
		Release|Any CPU = Release|Any CPU
	EndGlobalSection
	GlobalSection(ProjectConfigurationPlatforms) = postSolution
		{F64231D9-DECB-4658-A27F-1FF97CF06861}.Debug|Any CPU.ActiveCfg = Debug|Any CPU
		{F64231D9-DECB-4658-A27F-1FF97CF06861}.Debug|Any CPU.Build.0 = Debug|Any CPU
		{F64231D9-DECB-4658-A27F-1FF97CF06861}.Release|Any CPU.ActiveCfg = Release|Any CPU
		{F64231D9-DECB-4658-A27F-1FF97CF06861}.Release|Any CPU.Build.0 = Release|Any CPU
	EndGlobalSection
	GlobalSection(SolutionProperties) = preSolution
		HideSolutionNode = FALSE
	EndGlobalSection
	GlobalSection(ExtensibilityGlobals) = postSolution
		SolutionGuid = {79D82711-31EC-40C1-94FE-AFC82F624D0F}
	EndGlobalSection
EndGlobal
